# This file is automatically @generated by Cargo.
# It is not intended for manual editing.
version = 3

[[package]]
name = "delog"
version = "0.1.7"
source = "registry+https://github.com/rust-lang/crates.io-index"
checksum = "af2b93368262340c9d4441251b824500d1b641a50957ecf4219a2cc41b9eac8f"
dependencies = [
 "log",
]

[[package]]
name = "delog-panic"
version = "0.1.0"
dependencies = [
 "delog",
]

[[package]]
name = "log"
version = "0.4.20"
source = "registry+https://github.com/rust-lang/crates.io-index"
checksum = "b5e6163cb8c49088c2c36f57875e58ccd8c87c7427f7fbd50ea6710b2f3f2e8f"
